<?xml version="1.0" encoding="utf-8"?>
<Project DefaultTargets="Build" ToolsVersion="4.0" xmlns="http://schemas.microsoft.com/developer/msbuild/2003">
  <PropertyGroup>
    <Configuration Condition=" '$(Configuration)' == '' ">Debug</Configuration>
    <Platform Condition=" '$(Platform)' == '' ">AnyCPU</Platform>
    <ProductVersion>10.0.0</ProductVersion>
    <SchemaVersion>2.0</SchemaVersion>
    <ProjectGuid>{38801118-4B9F-4A00-AE5C-3502EE22613D}</ProjectGuid>
    <UseDefaultCompiler>true</UseDefaultCompiler>
    <IncrementalLinking>true</IncrementalLinking>
    <PreferOneStepBuild>true</PreferOneStepBuild>
    <Compiler>DMD2</Compiler>
  </PropertyGroup>
  <PropertyGroup Condition=" '$(Configuration)|$(Platform)' == 'Debug|AnyCPU' ">
    <DebugSymbols>true</DebugSymbols>
    <OutputPath>bin\Debug</OutputPath>
    <UnittestMode>false</UnittestMode>
    <ObjectsDirectory>obj/Debug</ObjectsDirectory>
    <DebugLevel>0</DebugLevel>
    <Externalconsole>true</Externalconsole>
    <Target>Executable</Target>
    <OutputName>CCL2</OutputName>
  </PropertyGroup>
  <PropertyGroup Condition=" '$(Configuration)|$(Platform)' == 'Release|AnyCPU' ">
    <OutputPath>bin\Release</OutputPath>
    <UnittestMode>false</UnittestMode>
    <ObjectsDirectory>obj/Release</ObjectsDirectory>
    <DebugLevel>0</DebugLevel>
    <Externalconsole>true</Externalconsole>
    <Target>Executable</Target>
    <OutputName>CCL2</OutputName>
  </PropertyGroup>
  <PropertyGroup Condition=" '$(Configuration)|$(Platform)' == 'Unittest|AnyCPU' ">
    <DebugSymbols>true</DebugSymbols>
    <OutputPath>bin\Unittest</OutputPath>
    <UnittestMode>true</UnittestMode>
    <ObjectsDirectory>obj/Unittest</ObjectsDirectory>
    <DebugLevel>0</DebugLevel>
    <Externalconsole>true</Externalconsole>
    <Target>Executable</Target>
    <OutputName>CCL2</OutputName>
  </PropertyGroup>
  <ItemGroup>
    <Compile Include="main.d" />
    <Compile Include="tokenizer.d" />
    <Compile Include="parser.d" />
    <Compile Include="util.d" />
    <Compile Include="handler.d" />
  </ItemGroup>
</Project>